
Microsoft Visual Studio Solution File, Format Version 12.00
# Visual Studio Version 16
VisualStudioVersion = 16.0.31729.503
MinimumVisualStudioVersion = 10.0.40219.1
Project("{FAE04EC0-301F-11D3-BF4B-00C04F79EFBC}") = "NonGenericQueue", "Queue\NonGenericQueue.csproj", "{705049DA-E11E-4CAB-8453-D2058466E448}"
EndProject
Global
	GlobalSection(SolutionConfigurationPlatforms) = preSolution
		Debug|Any CPU = Debug|Any CPU
		Release|Any CPU = Release|Any CPU
	EndGlobalSection
	GlobalSection(ProjectConfigurationPlatforms) = postSolution
		{705049DA-E11E-4CAB-8453-D2058466E448}.Debug|Any CPU.ActiveCfg = Debug|Any CPU
		{705049DA-E11E-4CAB-8453-D2058466E448}.Debug|Any CPU.Build.0 = Debug|Any CPU
		{705049DA-E11E-4CAB-8453-D2058466E448}.Release|Any CPU.ActiveCfg = Release|Any CPU
		{705049DA-E11E-4CAB-8453-D2058466E448}.Release|Any CPU.Build.0 = Release|Any CPU
	EndGlobalSection
	GlobalSection(SolutionProperties) = preSolution
		HideSolutionNode = FALSE
	EndGlobalSection
	GlobalSection(ExtensibilityGlobals) = postSolution
		SolutionGuid = {D41D6FFB-116F-4A81-A93F-72060B65682B}
	EndGlobalSection
EndGlobal
